// !$*UTF8*$!
{
	archiveVersion = 1;
	classes = {
	};
	objectVersion = 50;
	objects = {

/* Begin PBXBuildFile section */
		DB80DF6F253B877200325498 /* MapViewController.swift in Sources */ = {isa = PBXBuildFile; fileRef = DB80DF6E253B877200325498 /* MapViewController.swift */; };
		DB80DF72253B87AC00325498 /* CollectionViewController.swift in Sources */ = {isa = PBXBuildFile; fileRef = DB80DF71253B87AC00325498 /* CollectionViewController.swift */; };
		DB80DF75253B87C700325498 /* PhotoCollectionViewCell.swift in Sources */ = {isa = PBXBuildFile; fileRef = DB80DF74253B87C700325498 /* PhotoCollectionViewCell.swift */; };
		DBC744AC253A55E200981C10 /* AppDelegate.swift in Sources */ = {isa = PBXBuildFile; fileRef = DBC744AB253A55E200981C10 /* AppDelegate.swift */; };
		DBC744AE253A55E200981C10 /* SceneDelegate.swift in Sources */ = {isa = PBXBuildFile; fileRef = DBC744AD253A55E200981C10 /* SceneDelegate.swift */; };
		DBC744B3253A55E200981C10 /* Main.storyboard in Resources */ = {isa = PBXBuildFile; fileRef = DBC744B1253A55E200981C10 /* Main.storyboard */; };
		DBC744B6253A55E200981C10 /* Virtual_Tourist.xcdatamodeld in Sources */ = {isa = PBXBuildFile; fileRef = DBC744B4253A55E200981C10 /* Virtual_Tourist.xcdatamodeld */; };
		DBC744B8253A55E500981C10 /* Assets.xcassets in Resources */ = {isa = PBXBuildFile; fileRef = DBC744B7253A55E500981C10 /* Assets.xcassets */; };
		DBC744BB253A55E500981C10 /* LaunchScreen.storyboard in Resources */ = {isa = PBXBuildFile; fileRef = DBC744B9253A55E500981C10 /* LaunchScreen.storyboard */; };
		DBC744CD253A576000981C10 /* VirtualTouristAPI.swift in Sources */ = {isa = PBXBuildFile; fileRef = DBC744CC253A576000981C10 /* VirtualTouristAPI.swift */; };
		DBC744D0253A578E00981C10 /* FlickrGeneralResponse.swift in Sources */ = {isa = PBXBuildFile; fileRef = DBC744CF253A578E00981C10 /* FlickrGeneralResponse.swift */; };
		DBC744D3253A57B600981C10 /* FlickrGetPhotosResponse.swift in Sources */ = {isa = PBXBuildFile; fileRef = DBC744D2253A57B600981C10 /* FlickrGetPhotosResponse.swift */; };
		DBC744D6253A57E100981C10 /* FlickrPhotoResponse.swift in Sources */ = {isa = PBXBuildFile; fileRef = DBC744D5253A57E100981C10 /* FlickrPhotoResponse.swift */; };
		DBC744D9253A580400981C10 /* FlickrListResponse.swift in Sources */ = {isa = PBXBuildFile; fileRef = DBC744D8253A580400981C10 /* FlickrListResponse.swift */; };
/* End PBXBuildFile section */

/* Begin PBXFileReference section */
		DB80DF6E253B877200325498 /* MapViewController.swift */ = {isa = PBXFileReference; lastKnownFileType = sourcecode.swift; path = MapViewController.swift; sourceTree = "<group>"; };
		DB80DF71253B87AC00325498 /* CollectionViewController.swift */ = {isa = PBXFileReference; lastKnownFileType = sourcecode.swift; path = CollectionViewController.swift; sourceTree = "<group>"; };
		DB80DF74253B87C700325498 /* PhotoCollectionViewCell.swift */ = {isa = PBXFileReference; lastKnownFileType = sourcecode.swift; path = PhotoCollectionViewCell.swift; sourceTree = "<group>"; };
		DBC744A8253A55E200981C10 /* Virtual Tourist.app */ = {isa = PBXFileReference; explicitFileType = wrapper.application; includeInIndex = 0; path = "Virtual Tourist.app"; sourceTree = BUILT_PRODUCTS_DIR; };
		DBC744AB253A55E200981C10 /* AppDelegate.swift */ = {isa = PBXFileReference; lastKnownFileType = sourcecode.swift; path = AppDelegate.swift; sourceTree = "<group>"; };
		DBC744AD253A55E200981C10 /* SceneDelegate.swift */ = {isa = PBXFileReference; lastKnownFileType = sourcecode.swift; path = SceneDelegate.swift; sourceTree = "<group>"; };
		DBC744B2253A55E200981C10 /* Base */ = {isa = PBXFileReference; lastKnownFileType = file.storyboard; name = Base; path = Base.lproj/Main.storyboard; sourceTree = "<group>"; };
		DBC744B5253A55E200981C10 /* Virtual_Tourist.xcdatamodel */ = {isa = PBXFileReference; lastKnownFileType = wrapper.xcdatamodel; path = Virtual_Tourist.xcdatamodel; sourceTree = "<group>"; };
		DBC744B7253A55E500981C10 /* Assets.xcassets */ = {isa = PBXFileReference; lastKnownFileType = folder.assetcatalog; path = Assets.xcassets; sourceTree = "<group>"; };
		DBC744BA253A55E500981C10 /* Base */ = {isa = PBXFileReference; lastKnownFileType = file.storyboard; name = Base; path = Base.lproj/LaunchScreen.storyboard; sourceTree = "<group>"; };
		DBC744BC253A55E500981C10 /* Info.plist */ = {isa = PBXFileReference; lastKnownFileType = text.plist.xml; path = Info.plist; sourceTree = "<group>"; };
		DBC744CC253A576000981C10 /* VirtualTouristAPI.swift */ = {isa = PBXFileReference; lastKnownFileType = sourcecode.swift; path = VirtualTouristAPI.swift; sourceTree = "<group>"; };
		DBC744CF253A578E00981C10 /* FlickrGeneralResponse.swift */ = {isa = PBXFileReference; lastKnownFileType = sourcecode.swift; path = FlickrGeneralResponse.swift; sourceTree = "<group>"; };
		DBC744D2253A57B600981C10 /* FlickrGetPhotosResponse.swift */ = {isa = PBXFileReference; lastKnownFileType = sourcecode.swift; path = FlickrGetPhotosResponse.swift; sourceTree = "<group>"; };
		DBC744D5253A57E100981C10 /* FlickrPhotoResponse.swift */ = {isa = PBXFileReference; lastKnownFileType = sourcecode.swift; path = FlickrPhotoResponse.swift; sourceTree = "<group>"; };
		DBC744D8253A580400981C10 /* FlickrListResponse.swift */ = {isa = PBXFileReference; lastKnownFileType = sourcecode.swift; path = FlickrListResponse.swift; sourceTree = "<group>"; };
/* End PBXFileReference section */

/* Begin PBXFrameworksBuildPhase section */
		DBC744A5253A55E200981C10 /* Frameworks */ = {
			isa = PBXFrameworksBuildPhase;
			buildActionMask = 2147483647;
			files = (
			);
			runOnlyForDeploymentPostprocessing = 0;
		};
/* End PBXFrameworksBuildPhase section */

/* Begin PBXGroup section */
		DBC7449F253A55E200981C10 = {
			isa = PBXGroup;
			children = (
				DBC744AA253A55E200981C10 /* Virtual Tourist */,
				DBC744A9253A55E200981C10 /* Products */,
			);
			sourceTree = "<group>";
		};
		DBC744A9253A55E200981C10 /* Products */ = {
			isa = PBXGroup;
			children = (
				DBC744A8253A55E200981C10 /* Virtual Tourist.app */,
			);
			name = Products;
			sourceTree = "<group>";
		};
		DBC744AA253A55E200981C10 /* Virtual Tourist */ = {
			isa = PBXGroup;
			children = (
				DBC744C5253A562200981C10 /* View Controllers */,
				DBC744C8253A563500981C10 /* Data */,
				DBC744C7253A562D00981C10 /* View */,
				DBC744C3253A561A00981C10 /* Delegates */,
				DBC744BC253A55E500981C10 /* Info.plist */,
			);
			path = "Virtual Tourist";
			sourceTree = "<group>";
		};
		DBC744C3253A561A00981C10 /* Delegates */ = {
			isa = PBXGroup;
			children = (
				DBC744AB253A55E200981C10 /* AppDelegate.swift */,
				DBC744AD253A55E200981C10 /* SceneDelegate.swift */,
			);
			path = Delegates;
			sourceTree = "<group>";
		};
		DBC744C5253A562200981C10 /* View Controllers */ = {
			isa = PBXGroup;
			children = (
				DB80DF6E253B877200325498 /* MapViewController.swift */,
				DB80DF71253B87AC00325498 /* CollectionViewController.swift */,
				DB80DF74253B87C700325498 /* PhotoCollectionViewCell.swift */,
			);
			path = "View Controllers";
			sourceTree = "<group>";
		};
		DBC744C7253A562D00981C10 /* View */ = {
			isa = PBXGroup;
			children = (
				DBC744B1253A55E200981C10 /* Main.storyboard */,
				DBC744B7253A55E500981C10 /* Assets.xcassets */,
				DBC744B9253A55E500981C10 /* LaunchScreen.storyboard */,
			);
			path = View;
			sourceTree = "<group>";
		};
		DBC744C8253A563500981C10 /* Data */ = {
			isa = PBXGroup;
			children = (
				DBC744B4253A55E200981C10 /* Virtual_Tourist.xcdatamodeld */,
				DBC744DD253A582B00981C10 /* Network */,
			);
			path = Data;
			sourceTree = "<group>";
		};
		DBC744DB253A581900981C10 /* Flickr Responses */ = {
			isa = PBXGroup;
			children = (
				DBC744CF253A578E00981C10 /* FlickrGeneralResponse.swift */,
				DBC744D2253A57B600981C10 /* FlickrGetPhotosResponse.swift */,
				DBC744D5253A57E100981C10 /* FlickrPhotoResponse.swift */,
				DBC744D8253A580400981C10 /* FlickrListResponse.swift */,
			);
			path = "Flickr Responses";
			sourceTree = "<group>";
		};
		DBC744DD253A582B00981C10 /* Network */ = {
			isa = PBXGroup;
			children = (
				DBC744CC253A576000981C10 /* VirtualTouristAPI.swift */,
				DBC744DB253A581900981C10 /* Flickr Responses */,
			);
			path = Network;
			sourceTree = "<group>";
		};
/* End PBXGroup section */

/* Begin PBXNativeTarget section */
		DBC744A7253A55E200981C10 /* Virtual Tourist */ = {
			isa = PBXNativeTarget;
			buildConfigurationList = DBC744BF253A55E500981C10 /* Build configuration list for PBXNativeTarget "Virtual Tourist" */;
			buildPhases = (
				DBC744A4253A55E200981C10 /* Sources */,
				DBC744A5253A55E200981C10 /* Frameworks */,
				DBC744A6253A55E200981C10 /* Resources */,
			);
			buildRules = (
			);
			dependencies = (
			);
			name = "Virtual Tourist";
			productName = "Virtual Tourist";
			productReference = DBC744A8253A55E200981C10 /* Virtual Tourist.app */;
			productType = "com.apple.product-type.application";
		};
/* End PBXNativeTarget section */

/* Begin PBXProject section */
		DBC744A0253A55E200981C10 /* Project object */ = {
			isa = PBXProject;
			attributes = {
				LastSwiftUpdateCheck = 1200;
				LastUpgradeCheck = 1200;
				TargetAttributes = {
					DBC744A7253A55E200981C10 = {
						CreatedOnToolsVersion = 12.0.1;
					};
				};
			};
			buildConfigurationList = DBC744A3253A55E200981C10 /* Build configuration list for PBXProject "Virtual Tourist" */;
			compatibilityVersion = "Xcode 9.3";
			developmentRegion = en;
			hasScannedForEncodings = 0;
			knownRegions = (
				en,
				Base,
			);
			mainGroup = DBC7449F253A55E200981C10;
			productRefGroup = DBC744A9253A55E200981C10 /* Products */;
			projectDirPath = "";
			projectRoot = "";
			targets = (
				DBC744A7253A55E200981C10 /* Virtual Tourist */,
			);
		};
/* End PBXProject section */

/* Begin PBXResourcesBuildPhase section */
		DBC744A6253A55E200981C10 /* Resources */ = {
			isa = PBXResourcesBuildPhase;
			buildActionMask = 2147483647;
			files = (
				DBC744BB253A55E500981C10 /* LaunchScreen.storyboard in Resources */,
				DBC744B8253A55E500981C10 /* Assets.xcassets in Resources */,
				DBC744B3253A55E200981C10 /* Main.storyboard in Resources */,
			);
			runOnlyForDeploymentPostprocessing = 0;
		};
/* End PBXResourcesBuildPhase section */

/* Begin PBXSourcesBuildPhase section */
		DBC744A4253A55E200981C10 /* Sources */ = {
			isa = PBXSourcesBuildPhase;
			buildActionMask = 2147483647;
			files = (
				DBC744B6253A55E200981C10 /* Virtual_Tourist.xcdatamodeld in Sources */,
				DBC744D9253A580400981C10 /* FlickrListResponse.swift in Sources */,
				DBC744CD253A576000981C10 /* VirtualTouristAPI.swift in Sources */,
				DBC744AC253A55E200981C10 /* AppDelegate.swift in Sources */,
				DB80DF72253B87AC00325498 /* CollectionViewController.swift in Sources */,
				DB80DF6F253B877200325498 /* MapViewController.swift in Sources */,
				DBC744D3253A57B600981C10 /* FlickrGetPhotosResponse.swift in Sources */,
				DBC744D0253A578E00981C10 /* FlickrGeneralResponse.swift in Sources */,
				DBC744D6253A57E100981C10 /* FlickrPhotoResponse.swift in Sources */,
				DB80DF75253B87C700325498 /* PhotoCollectionViewCell.swift in Sources */,
				DBC744AE253A55E200981C10 /* SceneDelegate.swift in Sources */,
			);
			runOnlyForDeploymentPostprocessing = 0;
		};
/* End PBXSourcesBuildPhase section */

/* Begin PBXVariantGroup section */
		DBC744B1253A55E200981C10 /* Main.storyboard */ = {
			isa = PBXVariantGroup;
			children = (
				DBC744B2253A55E200981C10 /* Base */,
			);
			name = Main.storyboard;
			sourceTree = "<group>";
		};
		DBC744B9253A55E500981C10 /* LaunchScreen.storyboard */ = {
			isa = PBXVariantGroup;
			children = (
				DBC744BA253A55E500981C10 /* Base */,
			);
			name = LaunchScreen.storyboard;
			sourceTree = "<group>";
		};
/* End PBXVariantGroup section */

/* Begin XCBuildConfiguration section */
		DBC744BD253A55E500981C10 /* Debug */ = {
			isa = XCBuildConfiguration;
			buildSettings = {
				ALWAYS_SEARCH_USER_PATHS = NO;
				CLANG_ANALYZER_NONNULL = YES;
				CLANG_ANALYZER_NUMBER_OBJECT_CONVERSION = YES_AGGRESSIVE;
				CLANG_CXX_LANGUAGE_STANDARD = "gnu++14";
				CLANG_CXX_LIBRARY = "libc++";
				CLANG_ENABLE_MODULES = YES;
				CLANG_ENABLE_OBJC_ARC = YES;
				CLANG_ENABLE_OBJC_WEAK = YES;
				CLANG_WARN_BLOCK_CAPTURE_AUTORELEASING = YES;
				CLANG_WARN_BOOL_CONVERSION = YES;
				CLANG_WARN_COMMA = YES;
				CLANG_WARN_CONSTANT_CONVERSION = YES;
				CLANG_WARN_DEPRECATED_OBJC_IMPLEMENTATIONS = YES;
				CLANG_WARN_DIRECT_OBJC_ISA_USAGE = YES_ERROR;
				CLANG_WARN_DOCUMENTATION_COMMENTS = YES;
				CLANG_WARN_EMPTY_BODY = YES;
				CLANG_WARN_ENUM_CONVERSION = YES;
				CLANG_WARN_INFINITE_RECURSION = YES;
				CLANG_WARN_INT_CONVERSION = YES;
				CLANG_WARN_NON_LITERAL_NULL_CONVERSION = YES;
				CLANG_WARN_OBJC_IMPLICIT_RETAIN_SELF = YES;
				CLANG_WARN_OBJC_LITERAL_CONVERSION = YES;
				CLANG_WARN_OBJC_ROOT_CLASS = YES_ERROR;
				CLANG_WARN_QUOTED_INCLUDE_IN_FRAMEWORK_HEADER = YES;
				CLANG_WARN_RANGE_LOOP_ANALYSIS = YES;
				CLANG_WARN_STRICT_PROTOTYPES = YES;
				CLANG_WARN_SUSPICIOUS_MOVE = YES;
				CLANG_WARN_UNGUARDED_AVAILABILITY = YES_AGGRESSIVE;
				CLANG_WARN_UNREACHABLE_CODE = YES;
				CLANG_WARN__DUPLICATE_METHOD_MATCH = YES;
				COPY_PHASE_STRIP = NO;
				DEBUG_INFORMATION_FORMAT = dwarf;
				ENABLE_STRICT_OBJC_MSGSEND = YES;
				ENABLE_TESTABILITY = YES;
				GCC_C_LANGUAGE_STANDARD = gnu11;
				GCC_DYNAMIC_NO_PIC = NO;
				GCC_NO_COMMON_BLOCKS = YES;
				GCC_OPTIMIZATION_LEVEL = 0;
				GCC_PREPROCESSOR_DEFINITIONS = (
					"DEBUG=1",
					"$(inherited)",
				);
				GCC_WARN_64_TO_32_BIT_CONVERSION = YES;
				GCC_WARN_ABOUT_RETURN_TYPE = YES_ERROR;
				GCC_WARN_UNDECLARED_SELECTOR = YES;
				GCC_WARN_UNINITIALIZED_AUTOS = YES_AGGRESSIVE;
				GCC_WARN_UNUSED_FUNCTION = YES;
				GCC_WARN_UNUSED_VARIABLE = YES;
				IPHONEOS_DEPLOYMENT_TARGET = 14.0;
				MTL_ENABLE_DEBUG_INFO = INCLUDE_SOURCE;
				MTL_FAST_MATH = YES;
				ONLY_ACTIVE_ARCH = YES;
				SDKROOT = iphoneos;
				SWIFT_ACTIVE_COMPILATION_CONDITIONS = DEBUG;
				SWIFT_OPTIMIZATION_LEVEL = "-Onone";
			};
			name = Debug;
		};
		DBC744BE253A55E500981C10 /* Release */ = {
			isa = XCBuildConfiguration;
			buildSettings = {
				ALWAYS_SEARCH_USER_PATHS = NO;
				CLANG_ANALYZER_NONNULL = YES;
				CLANG_ANALYZER_NUMBER_OBJECT_CONVERSION = YES_AGGRESSIVE;
				CLANG_CXX_LANGUAGE_STANDARD = "gnu++14";
				CLANG_CXX_LIBRARY = "libc++";
				CLANG_ENABLE_MODULES = YES;
				CLANG_ENABLE_OBJC_ARC = YES;
				CLANG_ENABLE_OBJC_WEAK = YES;
				CLANG_WARN_BLOCK_CAPTURE_AUTORELEASING = YES;
				CLANG_WARN_BOOL_CONVERSION = YES;
				CLANG_WARN_COMMA = YES;
				CLANG_WARN_CONSTANT_CONVERSION = YES;
				CLANG_WARN_DEPRECATED_OBJC_IMPLEMENTATIONS = YES;
				CLANG_WARN_DIRECT_OBJC_ISA_USAGE = YES_ERROR;
				CLANG_WARN_DOCUMENTATION_COMMENTS = YES;
				CLANG_WARN_EMPTY_BODY = YES;
				CLANG_WARN_ENUM_CONVERSION = YES;
				CLANG_WARN_INFINITE_RECURSION = YES;
				CLANG_WARN_INT_CONVERSION = YES;
				CLANG_WARN_NON_LITERAL_NULL_CONVERSION = YES;
				CLANG_WARN_OBJC_IMPLICIT_RETAIN_SELF = YES;
				CLANG_WARN_OBJC_LITERAL_CONVERSION = YES;
				CLANG_WARN_OBJC_ROOT_CLASS = YES_ERROR;
				CLANG_WARN_QUOTED_INCLUDE_IN_FRAMEWORK_HEADER = YES;
				CLANG_WARN_RANGE_LOOP_ANALYSIS = YES;
				CLANG_WARN_STRICT_PROTOTYPES = YES;
				CLANG_WARN_SUSPICIOUS_MOVE = YES;
				CLANG_WARN_UNGUARDED_AVAILABILITY = YES_AGGRESSIVE;
				CLANG_WARN_UNREACHABLE_CODE = YES;
				CLANG_WARN__DUPLICATE_METHOD_MATCH = YES;
				COPY_PHASE_STRIP = NO;
				DEBUG_INFORMATION_FORMAT = "dwarf-with-dsym";
				ENABLE_NS_ASSERTIONS = NO;
				ENABLE_STRICT_OBJC_MSGSEND = YES;
				GCC_C_LANGUAGE_STANDARD = gnu11;
				GCC_NO_COMMON_BLOCKS = YES;
				GCC_WARN_64_TO_32_BIT_CONVERSION = YES;
				GCC_WARN_ABOUT_RETURN_TYPE = YES_ERROR;
				GCC_WARN_UNDECLARED_SELECTOR = YES;
				GCC_WARN_UNINITIALIZED_AUTOS = YES_AGGRESSIVE;
				GCC_WARN_UNUSED_FUNCTION = YES;
				GCC_WARN_UNUSED_VARIABLE = YES;
				IPHONEOS_DEPLOYMENT_TARGET = 14.0;
				MTL_ENABLE_DEBUG_INFO = NO;
				MTL_FAST_MATH = YES;
				SDKROOT = iphoneos;
				SWIFT_COMPILATION_MODE = wholemodule;
				SWIFT_OPTIMIZATION_LEVEL = "-O";
				VALIDATE_PRODUCT = YES;
			};
			name = Release;
		};
		DBC744C0253A55E500981C10 /* Debug */ = {
			isa = XCBuildConfiguration;
			buildSettings = {
				ASSETCATALOG_COMPILER_APPICON_NAME = AppIcon;
				ASSETCATALOG_COMPILER_GLOBAL_ACCENT_COLOR_NAME = AccentColor;
				CODE_SIGN_STYLE = Automatic;
				DEVELOPMENT_TEAM = R7W49PV94J;
				INFOPLIST_FILE = "Virtual Tourist/Info.plist";
				LD_RUNPATH_SEARCH_PATHS = (
					"$(inherited)",
					"@executable_path/Frameworks",
				);
				PRODUCT_BUNDLE_IDENTIFIER = "Solovyeva.Virtual-Tourist";
				PRODUCT_NAME = "$(TARGET_NAME)";
				SWIFT_VERSION = 5.0;
				TARGETED_DEVICE_FAMILY = "1,2";
			};
			name = Debug;
		};
		DBC744C1253A55E500981C10 /* Release */ = {
			isa = XCBuildConfiguration;
			buildSettings = {
				ASSETCATALOG_COMPILER_APPICON_NAME = AppIcon;
				ASSETCATALOG_COMPILER_GLOBAL_ACCENT_COLOR_NAME = AccentColor;
				CODE_SIGN_STYLE = Automatic;
				DEVELOPMENT_TEAM = R7W49PV94J;
				INFOPLIST_FILE = "Virtual Tourist/Info.plist";
				LD_RUNPATH_SEARCH_PATHS = (
					"$(inherited)",
					"@executable_path/Frameworks",
				);
				PRODUCT_BUNDLE_IDENTIFIER = "Solovyeva.Virtual-Tourist";
				PRODUCT_NAME = "$(TARGET_NAME)";
				SWIFT_VERSION = 5.0;
				TARGETED_DEVICE_FAMILY = "1,2";
			};
			name = Release;
		};
/* End XCBuildConfiguration section */

/* Begin XCConfigurationList section */
		DBC744A3253A55E200981C10 /* Build configuration list for PBXProject "Virtual Tourist" */ = {
			isa = XCConfigurationList;
			buildConfigurations = (
				DBC744BD253A55E500981C10 /* Debug */,
				DBC744BE253A55E500981C10 /* Release */,
			);
			defaultConfigurationIsVisible = 0;
			defaultConfigurationName = Release;
		};
		DBC744BF253A55E500981C10 /* Build configuration list for PBXNativeTarget "Virtual Tourist" */ = {
			isa = XCConfigurationList;
			buildConfigurations = (
				DBC744C0253A55E500981C10 /* Debug */,
				DBC744C1253A55E500981C10 /* Release */,
			);
			defaultConfigurationIsVisible = 0;
			defaultConfigurationName = Release;
		};
/* End XCConfigurationList section */

/* Begin XCVersionGroup section */
		DBC744B4253A55E200981C10 /* Virtual_Tourist.xcdatamodeld */ = {
			isa = XCVersionGroup;
			children = (
				DBC744B5253A55E200981C10 /* Virtual_Tourist.xcdatamodel */,
			);
			currentVersion = DBC744B5253A55E200981C10 /* Virtual_Tourist.xcdatamodel */;
			path = Virtual_Tourist.xcdatamodeld;
			sourceTree = "<group>";
			versionGroupType = wrapper.xcdatamodel;
		};
/* End XCVersionGroup section */
	};
	rootObject = DBC744A0253A55E200981C10 /* Project object */;
}
